
Microsoft Visual Studio Solution File, Format Version 11.00
# Visual Studio 2010
Project("{FAE04EC0-301F-11D3-BF4B-00C04F79EFBC}") = "mumu_customCoordinate", "mumu_customCoordinate\mumu_customCoordinate.csproj", "{31FE9D5F-440A-4EEF-8173-566D8B165A54}"
EndProject
Global
	GlobalSection(SolutionConfigurationPlatforms) = preSolution
		Debug|Any CPU = Debug|Any CPU
		Release|Any CPU = Release|Any CPU
	EndGlobalSection
	GlobalSection(ProjectConfigurationPlatforms) = postSolution
		{31FE9D5F-440A-4EEF-8173-566D8B165A54}.Debug|Any CPU.ActiveCfg = Debug|Any CPU
		{31FE9D5F-440A-4EEF-8173-566D8B165A54}.Debug|Any CPU.Build.0 = Debug|Any CPU
		{31FE9D5F-440A-4EEF-8173-566D8B165A54}.Release|Any CPU.ActiveCfg = Release|Any CPU
		{31FE9D5F-440A-4EEF-8173-566D8B165A54}.Release|Any CPU.Build.0 = Release|Any CPU
	EndGlobalSection
	GlobalSection(SolutionProperties) = preSolution
		HideSolutionNode = FALSE
	EndGlobalSection
EndGlobal
