
Microsoft Visual Studio Solution File, Format Version 11.00
# Visual Studio 2010
Project("{FAE04EC0-301F-11D3-BF4B-00C04F79EFBC}") = "mumu_winformwpfdlg", "mumu_winformwpfdlg\mumu_winformwpfdlg.csproj", "{FCB50DC7-D051-4CD9-9287-C44BB7739172}"
EndProject
Global
	GlobalSection(SolutionConfigurationPlatforms) = preSolution
		Debug|Any CPU = Debug|Any CPU
		Release|Any CPU = Release|Any CPU
	EndGlobalSection
	GlobalSection(ProjectConfigurationPlatforms) = postSolution
		{FCB50DC7-D051-4CD9-9287-C44BB7739172}.Debug|Any CPU.ActiveCfg = Debug|Any CPU
		{FCB50DC7-D051-4CD9-9287-C44BB7739172}.Debug|Any CPU.Build.0 = Debug|Any CPU
		{FCB50DC7-D051-4CD9-9287-C44BB7739172}.Release|Any CPU.ActiveCfg = Release|Any CPU
		{FCB50DC7-D051-4CD9-9287-C44BB7739172}.Release|Any CPU.Build.0 = Release|Any CPU
	EndGlobalSection
	GlobalSection(SolutionProperties) = preSolution
		HideSolutionNode = FALSE
	EndGlobalSection
EndGlobal
