
Microsoft Visual Studio Solution File, Format Version 11.00
# Visual Studio 2010
Project("{FAE04EC0-301F-11D3-BF4B-00C04F79EFBC}") = "mumu_userselectskin", "mumu_userselectskin\mumu_userselectskin.csproj", "{FA76C544-0B66-4AB2-8125-672CC69EBC07}"
EndProject
Global
	GlobalSection(SolutionConfigurationPlatforms) = preSolution
		Debug|Any CPU = Debug|Any CPU
		Release|Any CPU = Release|Any CPU
	EndGlobalSection
	GlobalSection(ProjectConfigurationPlatforms) = postSolution
		{FA76C544-0B66-4AB2-8125-672CC69EBC07}.Debug|Any CPU.ActiveCfg = Debug|Any CPU
		{FA76C544-0B66-4AB2-8125-672CC69EBC07}.Debug|Any CPU.Build.0 = Debug|Any CPU
		{FA76C544-0B66-4AB2-8125-672CC69EBC07}.Release|Any CPU.ActiveCfg = Release|Any CPU
		{FA76C544-0B66-4AB2-8125-672CC69EBC07}.Release|Any CPU.Build.0 = Release|Any CPU
	EndGlobalSection
	GlobalSection(SolutionProperties) = preSolution
		HideSolutionNode = FALSE
	EndGlobalSection
EndGlobal
