
Microsoft Visual Studio Solution File, Format Version 11.00
# Visual Studio 2010
Project("{FAE04EC0-301F-11D3-BF4B-00C04F79EFBC}") = "mumu_dumpCLRNamespace", "mumu_dumpCLRNamespace\mumu_dumpCLRNamespace.csproj", "{EE784783-CC29-4C48-A8E9-A90B8C870F1D}"
EndProject
Global
	GlobalSection(SolutionConfigurationPlatforms) = preSolution
		Debug|Any CPU = Debug|Any CPU
		Release|Any CPU = Release|Any CPU
	EndGlobalSection
	GlobalSection(ProjectConfigurationPlatforms) = postSolution
		{EE784783-CC29-4C48-A8E9-A90B8C870F1D}.Debug|Any CPU.ActiveCfg = Debug|Any CPU
		{EE784783-CC29-4C48-A8E9-A90B8C870F1D}.Debug|Any CPU.Build.0 = Debug|Any CPU
		{EE784783-CC29-4C48-A8E9-A90B8C870F1D}.Release|Any CPU.ActiveCfg = Release|Any CPU
		{EE784783-CC29-4C48-A8E9-A90B8C870F1D}.Release|Any CPU.Build.0 = Release|Any CPU
	EndGlobalSection
	GlobalSection(SolutionProperties) = preSolution
		HideSolutionNode = FALSE
	EndGlobalSection
EndGlobal
