
Microsoft Visual Studio Solution File, Format Version 11.00
# Visual Studio 2010
Project("{FAE04EC0-301F-11D3-BF4B-00C04F79EFBC}") = "mumu_3DDemo", "mumu_3DDemo\mumu_3DDemo.csproj", "{9683AD9A-AFB3-48BE-A3CC-EE83DEFD1B21}"
EndProject
Global
	GlobalSection(SolutionConfigurationPlatforms) = preSolution
		Debug|x86 = Debug|x86
		Release|x86 = Release|x86
	EndGlobalSection
	GlobalSection(ProjectConfigurationPlatforms) = postSolution
		{9683AD9A-AFB3-48BE-A3CC-EE83DEFD1B21}.Debug|x86.ActiveCfg = Debug|x86
		{9683AD9A-AFB3-48BE-A3CC-EE83DEFD1B21}.Debug|x86.Build.0 = Debug|x86
		{9683AD9A-AFB3-48BE-A3CC-EE83DEFD1B21}.Release|x86.ActiveCfg = Release|x86
		{9683AD9A-AFB3-48BE-A3CC-EE83DEFD1B21}.Release|x86.Build.0 = Release|x86
	EndGlobalSection
	GlobalSection(SolutionProperties) = preSolution
		HideSolutionNode = FALSE
	EndGlobalSection
EndGlobal
