
Microsoft Visual Studio Solution File, Format Version 11.00
# Visual Studio 2010
Project("{FAE04EC0-301F-11D3-BF4B-00C04F79EFBC}") = "mumu_withoutdatabinding", "mumu_withoutdatabinding\mumu_withoutdatabinding.csproj", "{4204DC7D-91F1-4E4D-89A4-4D82CF20A894}"
EndProject
Global
	GlobalSection(SolutionConfigurationPlatforms) = preSolution
		Debug|Any CPU = Debug|Any CPU
		Release|Any CPU = Release|Any CPU
	EndGlobalSection
	GlobalSection(ProjectConfigurationPlatforms) = postSolution
		{4204DC7D-91F1-4E4D-89A4-4D82CF20A894}.Debug|Any CPU.ActiveCfg = Debug|Any CPU
		{4204DC7D-91F1-4E4D-89A4-4D82CF20A894}.Debug|Any CPU.Build.0 = Debug|Any CPU
		{4204DC7D-91F1-4E4D-89A4-4D82CF20A894}.Release|Any CPU.ActiveCfg = Release|Any CPU
		{4204DC7D-91F1-4E4D-89A4-4D82CF20A894}.Release|Any CPU.Build.0 = Release|Any CPU
	EndGlobalSection
	GlobalSection(SolutionProperties) = preSolution
		HideSolutionNode = FALSE
	EndGlobalSection
EndGlobal
