
Microsoft Visual Studio Solution File, Format Version 11.00
# Visual Studio 2010
Project("{FAE04EC0-301F-11D3-BF4B-00C04F79EFBC}") = "mumu_logicresourcedemo", "mumu_logicresourcedemo\mumu_logicresourcedemo.csproj", "{D30E9F64-8B54-49DD-8DEF-99B6ECB7E467}"
EndProject
Global
	GlobalSection(SolutionConfigurationPlatforms) = preSolution
		Debug|x86 = Debug|x86
		Release|x86 = Release|x86
	EndGlobalSection
	GlobalSection(ProjectConfigurationPlatforms) = postSolution
		{D30E9F64-8B54-49DD-8DEF-99B6ECB7E467}.Debug|x86.ActiveCfg = Debug|x86
		{D30E9F64-8B54-49DD-8DEF-99B6ECB7E467}.Debug|x86.Build.0 = Debug|x86
		{D30E9F64-8B54-49DD-8DEF-99B6ECB7E467}.Release|x86.ActiveCfg = Release|x86
		{D30E9F64-8B54-49DD-8DEF-99B6ECB7E467}.Release|x86.Build.0 = Release|x86
	EndGlobalSection
	GlobalSection(SolutionProperties) = preSolution
		HideSolutionNode = FALSE
	EndGlobalSection
EndGlobal
