
Microsoft Visual Studio Solution File, Format Version 11.00
# Visual Studio 2010
Project("{FAE04EC0-301F-11D3-BF4B-00C04F79EFBC}") = "mumu_comboBoxDemo", "mumu_comboBoxDemo\mumu_comboBoxDemo.csproj", "{6EAB5DA5-05D1-4B08-830E-B0792C3BE09A}"
EndProject
Global
	GlobalSection(SolutionConfigurationPlatforms) = preSolution
		Debug|Any CPU = Debug|Any CPU
		Release|Any CPU = Release|Any CPU
	EndGlobalSection
	GlobalSection(ProjectConfigurationPlatforms) = postSolution
		{6EAB5DA5-05D1-4B08-830E-B0792C3BE09A}.Debug|Any CPU.ActiveCfg = Debug|Any CPU
		{6EAB5DA5-05D1-4B08-830E-B0792C3BE09A}.Debug|Any CPU.Build.0 = Debug|Any CPU
		{6EAB5DA5-05D1-4B08-830E-B0792C3BE09A}.Release|Any CPU.ActiveCfg = Release|Any CPU
		{6EAB5DA5-05D1-4B08-830E-B0792C3BE09A}.Release|Any CPU.Build.0 = Release|Any CPU
	EndGlobalSection
	GlobalSection(SolutionProperties) = preSolution
		HideSolutionNode = FALSE
	EndGlobalSection
EndGlobal
