
Microsoft Visual Studio Solution File, Format Version 11.00
# Visual Studio 2010
Project("{FAE04EC0-301F-11D3-BF4B-00C04F79EFBC}") = "mumu_winformhostwpf", "mumu_winformhostwpf\mumu_winformhostwpf.csproj", "{1B5192C6-31D3-4A1A-9039-19886D3BECEE}"
EndProject
Global
	GlobalSection(SolutionConfigurationPlatforms) = preSolution
		Debug|Any CPU = Debug|Any CPU
		Release|Any CPU = Release|Any CPU
	EndGlobalSection
	GlobalSection(ProjectConfigurationPlatforms) = postSolution
		{1B5192C6-31D3-4A1A-9039-19886D3BECEE}.Debug|Any CPU.ActiveCfg = Debug|Any CPU
		{1B5192C6-31D3-4A1A-9039-19886D3BECEE}.Debug|Any CPU.Build.0 = Debug|Any CPU
		{1B5192C6-31D3-4A1A-9039-19886D3BECEE}.Release|Any CPU.ActiveCfg = Release|Any CPU
		{1B5192C6-31D3-4A1A-9039-19886D3BECEE}.Release|Any CPU.Build.0 = Release|Any CPU
	EndGlobalSection
	GlobalSection(SolutionProperties) = preSolution
		HideSolutionNode = FALSE
	EndGlobalSection
EndGlobal
