
Microsoft Visual Studio Solution File, Format Version 11.00
# Visual Studio 2010
Project("{FAE04EC0-301F-11D3-BF4B-00C04F79EFBC}") = "mumu_tabandMnemonics", "mumu_tabandMnemonics\mumu_tabandMnemonics.csproj", "{3534B82E-9268-4429-9FD0-B6E5D94825AE}"
EndProject
Global
	GlobalSection(SolutionConfigurationPlatforms) = preSolution
		Debug|Any CPU = Debug|Any CPU
		Release|Any CPU = Release|Any CPU
	EndGlobalSection
	GlobalSection(ProjectConfigurationPlatforms) = postSolution
		{3534B82E-9268-4429-9FD0-B6E5D94825AE}.Debug|Any CPU.ActiveCfg = Debug|Any CPU
		{3534B82E-9268-4429-9FD0-B6E5D94825AE}.Debug|Any CPU.Build.0 = Debug|Any CPU
		{3534B82E-9268-4429-9FD0-B6E5D94825AE}.Release|Any CPU.ActiveCfg = Release|Any CPU
		{3534B82E-9268-4429-9FD0-B6E5D94825AE}.Release|Any CPU.Build.0 = Release|Any CPU
	EndGlobalSection
	GlobalSection(SolutionProperties) = preSolution
		HideSolutionNode = FALSE
	EndGlobalSection
EndGlobal
